
Microsoft Visual Studio Solution File, Format Version 12.00
# Visual Studio Version 17
VisualStudioVersion = 17.0.31912.275
MinimumVisualStudioVersion = 10.0.40219.1
Project("{FAE04EC0-301F-11D3-BF4B-00C04F79EFBC}") = "order-maneger", "order-maneger\order-maneger.csproj", "{A15DC14B-E6BF-485D-B8BE-F936BDDC569B}"
EndProject
Global
	GlobalSection(SolutionConfigurationPlatforms) = preSolution
		Debug|Any CPU = Debug|Any CPU
		Release|Any CPU = Release|Any CPU
	EndGlobalSection
	GlobalSection(ProjectConfigurationPlatforms) = postSolution
		{A15DC14B-E6BF-485D-B8BE-F936BDDC569B}.Debug|Any CPU.ActiveCfg = Debug|Any CPU
		{A15DC14B-E6BF-485D-B8BE-F936BDDC569B}.Debug|Any CPU.Build.0 = Debug|Any CPU
		{A15DC14B-E6BF-485D-B8BE-F936BDDC569B}.Release|Any CPU.ActiveCfg = Release|Any CPU
		{A15DC14B-E6BF-485D-B8BE-F936BDDC569B}.Release|Any CPU.Build.0 = Release|Any CPU
	EndGlobalSection
	GlobalSection(SolutionProperties) = preSolution
		HideSolutionNode = FALSE
	EndGlobalSection
	GlobalSection(ExtensibilityGlobals) = postSolution
		SolutionGuid = {A7164C5B-F185-43FD-8859-F435AE7B218C}
	EndGlobalSection
EndGlobal
